
Microsoft Visual Studio Solution File, Format Version 12.00
# Visual Studio Version 17
VisualStudioVersion = 17.9.34622.214
MinimumVisualStudioVersion = 10.0.40219.1
Project("{FAE04EC0-301F-11D3-BF4B-00C04F79EFBC}") = "Examen Unidad2", "Examen Unidad2.csproj", "{FBF56995-122D-4358-B093-7CC47ED6FA57}"
EndProject
Global
	GlobalSection(SolutionConfigurationPlatforms) = preSolution
		Debug|Any CPU = Debug|Any CPU
		Release|Any CPU = Release|Any CPU
	EndGlobalSection
	GlobalSection(ProjectConfigurationPlatforms) = postSolution
		{FBF56995-122D-4358-B093-7CC47ED6FA57}.Debug|Any CPU.ActiveCfg = Debug|Any CPU
		{FBF56995-122D-4358-B093-7CC47ED6FA57}.Debug|Any CPU.Build.0 = Debug|Any CPU
		{FBF56995-122D-4358-B093-7CC47ED6FA57}.Release|Any CPU.ActiveCfg = Release|Any CPU
		{FBF56995-122D-4358-B093-7CC47ED6FA57}.Release|Any CPU.Build.0 = Release|Any CPU
	EndGlobalSection
	GlobalSection(SolutionProperties) = preSolution
		HideSolutionNode = FALSE
	EndGlobalSection
	GlobalSection(ExtensibilityGlobals) = postSolution
		SolutionGuid = {97DB9AEC-6774-4F8B-929F-11CF3B030962}
	EndGlobalSection
EndGlobal
